
Microsoft Visual Studio Solution File, Format Version 12.00
# Visual Studio 15
VisualStudioVersion = 15.0.33423.255
MinimumVisualStudioVersion = 10.0.40219.1
Project("{8BC9CEB8-8B4A-11D0-8D11-00A0C91BC942}") = "LAB 2_3", "LAB 2_3\LAB 2_3.vcxproj", "{9368D080-00EB-4032-8689-CCD3CCB92EE5}"
EndProject
Global
	GlobalSection(SolutionConfigurationPlatforms) = preSolution
		Debug|x64 = Debug|x64
		Debug|x86 = Debug|x86
		Release|x64 = Release|x64
		Release|x86 = Release|x86
	EndGlobalSection
	GlobalSection(ProjectConfigurationPlatforms) = postSolution
		{9368D080-00EB-4032-8689-CCD3CCB92EE5}.Debug|x64.ActiveCfg = Debug|x64
		{9368D080-00EB-4032-8689-CCD3CCB92EE5}.Debug|x64.Build.0 = Debug|x64
		{9368D080-00EB-4032-8689-CCD3CCB92EE5}.Debug|x86.ActiveCfg = Debug|Win32
		{9368D080-00EB-4032-8689-CCD3CCB92EE5}.Debug|x86.Build.0 = Debug|Win32
		{9368D080-00EB-4032-8689-CCD3CCB92EE5}.Release|x64.ActiveCfg = Release|x64
		{9368D080-00EB-4032-8689-CCD3CCB92EE5}.Release|x64.Build.0 = Release|x64
		{9368D080-00EB-4032-8689-CCD3CCB92EE5}.Release|x86.ActiveCfg = Release|Win32
		{9368D080-00EB-4032-8689-CCD3CCB92EE5}.Release|x86.Build.0 = Release|Win32
	EndGlobalSection
	GlobalSection(SolutionProperties) = preSolution
		HideSolutionNode = FALSE
	EndGlobalSection
	GlobalSection(ExtensibilityGlobals) = postSolution
		SolutionGuid = {B5B3690B-88CD-4E58-96FA-03760710B99F}
	EndGlobalSection
EndGlobal
